
Microsoft Visual Studio Solution File, Format Version 12.00
# Visual Studio Version 17
VisualStudioVersion = 17.10.34916.146
MinimumVisualStudioVersion = 10.0.40219.1
Project("{9A19103F-16F7-4668-BE54-9A1E7A4F7556}") = "Shopping.Client", "Shopping.Client\Shopping.Client.csproj", "{4E4C1168-0C41-4359-BB15-2774A0B3AF0E}"
EndProject
Project("{9A19103F-16F7-4668-BE54-9A1E7A4F7556}") = "Shopping.API", "Shopping.API\Shopping.API.csproj", "{C338B355-41D1-4CF5-98F4-FF4F9B8D8E44}"
EndProject
Project("{E53339B2-1760-4266-BCC7-CA923CBCF16C}") = "docker-compose", "docker-compose.dcproj", "{67033D5D-927C-4E8F-B568-4CCDC4E85A54}"
EndProject
Global
	GlobalSection(SolutionConfigurationPlatforms) = preSolution
		Debug|Any CPU = Debug|Any CPU
		Release|Any CPU = Release|Any CPU
	EndGlobalSection
	GlobalSection(ProjectConfigurationPlatforms) = postSolution
		{4E4C1168-0C41-4359-BB15-2774A0B3AF0E}.Debug|Any CPU.ActiveCfg = Debug|Any CPU
		{4E4C1168-0C41-4359-BB15-2774A0B3AF0E}.Debug|Any CPU.Build.0 = Debug|Any CPU
		{4E4C1168-0C41-4359-BB15-2774A0B3AF0E}.Release|Any CPU.ActiveCfg = Release|Any CPU
		{4E4C1168-0C41-4359-BB15-2774A0B3AF0E}.Release|Any CPU.Build.0 = Release|Any CPU
		{C338B355-41D1-4CF5-98F4-FF4F9B8D8E44}.Debug|Any CPU.ActiveCfg = Debug|Any CPU
		{C338B355-41D1-4CF5-98F4-FF4F9B8D8E44}.Debug|Any CPU.Build.0 = Debug|Any CPU
		{C338B355-41D1-4CF5-98F4-FF4F9B8D8E44}.Release|Any CPU.ActiveCfg = Release|Any CPU
		{C338B355-41D1-4CF5-98F4-FF4F9B8D8E44}.Release|Any CPU.Build.0 = Release|Any CPU
		{67033D5D-927C-4E8F-B568-4CCDC4E85A54}.Debug|Any CPU.ActiveCfg = Debug|Any CPU
		{67033D5D-927C-4E8F-B568-4CCDC4E85A54}.Debug|Any CPU.Build.0 = Debug|Any CPU
		{67033D5D-927C-4E8F-B568-4CCDC4E85A54}.Release|Any CPU.ActiveCfg = Release|Any CPU
		{67033D5D-927C-4E8F-B568-4CCDC4E85A54}.Release|Any CPU.Build.0 = Release|Any CPU
	EndGlobalSection
	GlobalSection(SolutionProperties) = preSolution
		HideSolutionNode = FALSE
	EndGlobalSection
	GlobalSection(ExtensibilityGlobals) = postSolution
		SolutionGuid = {8686AE8E-5805-40B5-95DA-54762CFF2DE8}
	EndGlobalSection
EndGlobal
